
Microsoft Visual Studio Solution File, Format Version 12.00
# Visual Studio Version 17
VisualStudioVersion = 17.5.002.0
MinimumVisualStudioVersion = 10.0.40219.1
Project("{9A19103F-16F7-4668-BE54-9A1E7A4F7556}") = "tdeAula04", "tdeAula04.csproj", "{BC1E4040-3EE7-4E04-A56A-27A01AAC86A3}"
EndProject
Global
	GlobalSection(SolutionConfigurationPlatforms) = preSolution
		Debug|Any CPU = Debug|Any CPU
		Release|Any CPU = Release|Any CPU
	EndGlobalSection
	GlobalSection(ProjectConfigurationPlatforms) = postSolution
		{BC1E4040-3EE7-4E04-A56A-27A01AAC86A3}.Debug|Any CPU.ActiveCfg = Debug|Any CPU
		{BC1E4040-3EE7-4E04-A56A-27A01AAC86A3}.Debug|Any CPU.Build.0 = Debug|Any CPU
		{BC1E4040-3EE7-4E04-A56A-27A01AAC86A3}.Release|Any CPU.ActiveCfg = Release|Any CPU
		{BC1E4040-3EE7-4E04-A56A-27A01AAC86A3}.Release|Any CPU.Build.0 = Release|Any CPU
	EndGlobalSection
	GlobalSection(SolutionProperties) = preSolution
		HideSolutionNode = FALSE
	EndGlobalSection
	GlobalSection(ExtensibilityGlobals) = postSolution
		SolutionGuid = {6EB9197A-1E11-4CB0-9073-0B23D5B0047F}
	EndGlobalSection
EndGlobal
